{
  "name": "qdranttest",
  "version": "1.0.0",
  "lockfileVersion": 3,
  "requires": true,
  "packages": {
    "": {
      "name": "qdranttest",
      "version": "1.0.0",
      "license": "ISC",
      "dependencies": {
        "@qdrant/js-client-rest": "^1.15.1",
        "dotenv": "^17.2.3"
      }
    },
    "node_modules/@qdrant/js-client-rest": {
      "version": "1.15.1",
      "resolved": "https://registry.npmjs.org/@qdrant/js-client-rest/-/js-client-rest-1.15.1.tgz",
      "integrity": "sha512-FAPMz6Z7RFj9vUun8R9e8SYcX6EkZtdfYfnh5lFXWcjEaat9q/jce1baAJCWAr3k8yHh62HpzCRYOatLVII28g==",
      "license": "Apache-2.0",
      "dependencies": {
        "@qdrant/openapi-typescript-fetch": "1.2.6",
        "@sevinf/maybe": "0.5.0",
        "undici": "^6.0.0"
      },
      "engines": {
        "node": ">=18.17.0",
        "pnpm": ">=8"
      },
      "peerDependencies": {
        "typescript": ">=4.7"
      }
    },
    "node_modules/@qdrant/openapi-typescript-fetch": {
      "version": "1.2.6",
      "resolved": "https://registry.npmjs.org/@qdrant/openapi-typescript-fetch/-/openapi-typescript-fetch-1.2.6.tgz",
      "integrity": "sha512-oQG/FejNpItrxRHoyctYvT3rwGZOnK4jr3JdppO/c78ktDvkWiPXPHNsrDf33K9sZdRb6PR7gi4noIapu5q4HA==",
      "license": "MIT",
      "engines": {
        "node": ">=18.0.0",
        "pnpm": ">=8"
      }
    },
    "node_modules/@sevinf/maybe": {
      "version": "0.5.0",
      "resolved": "https://registry.npmjs.org/@sevinf/maybe/-/maybe-0.5.0.tgz",
      "integrity": "sha512-ARhyoYDnY1LES3vYI0fiG6e9esWfTNcXcO6+MPJJXcnyMV3bim4lnFt45VXouV7y82F4x3YH8nOQ6VztuvUiWg==",
      "license": "MIT"
    },
    "node_modules/dotenv": {
      "version": "17.2.3",
      "resolved": "https://registry.npmjs.org/dotenv/-/dotenv-17.2.3.tgz",
      "integrity": "sha512-JVUnt+DUIzu87TABbhPmNfVdBDt18BLOWjMUFJMSi/Qqg7NTYtabbvSNJGOJ7afbRuv9D/lngizHtP7QyLQ+9w==",
      "license": "BSD-2-Clause",
      "engines": {
        "node": ">=12"
      },
      "funding": {
        "url": "https://dotenvx.com"
      }
    },
    "node_modules/typescript": {
      "version": "5.9.3",
      "resolved": "https://registry.npmjs.org/typescript/-/typescript-5.9.3.tgz",
      "integrity": "sha512-jl1vZzPDinLr9eUt3J/t7V6FgNEw9QjvBPdysz9KfQDD41fQrC2Y4vKQdiaUpFT4bXlb1RHhLpp8wtm6M5TgSw==",
      "license": "Apache-2.0",
      "peer": true,
      "bin": {
        "tsc": "bin/tsc",
        "tsserver": "bin/tsserver"
      },
      "engines": {
        "node": ">=14.17"
      }
    },
    "node_modules/undici": {
      "version": "6.22.0",
      "resolved": "https://registry.npmjs.org/undici/-/undici-6.22.0.tgz",
      "integrity": "sha512-hU/10obOIu62MGYjdskASR3CUAiYaFTtC9Pa6vHyf//mAipSvSQg6od2CnJswq7fvzNS3zJhxoRkgNVaHurWKw==",
      "license": "MIT",
      "engines": {
        "node": ">=18.17"
      }
    }
  }
}
